version = 1
revision = 3
requires-python = ">=3.11"

[[package]]
name = "jamorasep"
version = "0.0.2"
source = { registry = "https://pypi.org/simple" }
dependencies = [
    { name = "typeguard" },
]
sdist = { url = "https://files.pythonhosted.org/packages/d6/00/130395ab860283561c9d93fb100e07d7dfcb62aee1efe34aa4708c227d68/jamorasep-0.0.2.tar.gz", hash = "sha256:c1e370a140fc9b1613379d4fc9933bb3c7da8aef80e975c820a4327a2ab64c37", size = 13711, upload-time = "2026-02-15T15:44:39.071Z" }
wheels = [
    { url = "https://files.pythonhosted.org/packages/f2/4b/e5c072a88e9f5760f4850a6e2661ed46dfedeebffbc3519569d6f21eb740/jamorasep-0.0.2-py3-none-any.whl", hash = "sha256:a819e142ae56a6bd9d355f681143acc662092a21a4086a0300225dc3067d28b2", size = 7926, upload-time = "2026-02-15T15:44:37.369Z" },
]

[[package]]
name = "mora-check"
version = "0.0.0"
source = { virtual = "." }
dependencies = [
    { name = "jamorasep" },
]

[package.metadata]
requires-dist = [{ name = "jamorasep", specifier = ">=0.0.1" }]

[[package]]
name = "typeguard"
version = "4.6.0"
source = { registry = "https://pypi.org/simple" }
dependencies = [
    { name = "typing-extensions" },
]
sdist = { url = "https://files.pythonhosted.org/packages/b4/de/4420db493fa8fc0856d5e5c1b159c63a323d2de2317babe36b01568928e8/typeguard-4.6.0.tar.gz", hash = "sha256:e7414f09111317de3e335de92cd397c5c0ca00b1cc1676de12e1d444a79b3f21", size = 82330, upload-time = "2026-07-26T08:40:23.207Z" }
wheels = [
    { url = "https://files.pythonhosted.org/packages/8f/eb/461d5f167b6f5c7d97696f397c82f82e3480e003fce3f0a1cd1dd26e2eb2/typeguard-4.6.0-py3-none-any.whl", hash = "sha256:79878165bb86f2cf5d41d159a0ff1792a796cf496882d2fe1b1c6c7049b9cdd7", size = 36884, upload-time = "2026-07-26T08:40:21.868Z" },
]

[[package]]
name = "typing-extensions"
version = "4.16.0"
source = { registry = "https://pypi.org/simple" }
sdist = { url = "https://files.pythonhosted.org/packages/f6/cc/6253133b5bb138fc3306cebfbda2c520f545d36b5be2c7255cc528bb45d6/typing_extensions-4.16.0.tar.gz", hash = "sha256:dc983d19a509c94dba722ee6abd33940f7c05a89e243c47e907eb4db6f1a43e5", size = 113555, upload-time = "2026-07-02T08:40:05.92Z" }
wheels = [
    { url = "https://files.pythonhosted.org/packages/49/d3/b8441a820a491ddfc024b0b0cf0393375b75ea13866d9c66727e54c2fc80/typing_extensions-4.16.0-py3-none-any.whl", hash = "sha256:481caa481374e813c1b176ada14e97f1f67a4539ce9cfeb3f350d78d6370c2e8", size = 45571, upload-time = "2026-07-02T08:40:04.659Z" },
]
